Microsoft Visual Studio Solution File, Format Version 11.00
# Visual Studio 2008

Project("{C4C7E9FB-D7BB-CD7E-BF39-B77FD788DEBB}") = "MathGame1.2", "Assembly-CSharp-vs.csproj", "{66FCFCCB-8B04-02F7-AC51-AEE8B5E8F98F}"
EndProject
Project("{C4C7E9FB-D7BB-CD7E-BF39-B77FD788DEBB}") = "MathGame1.2", "Assembly-CSharp-Editor-vs.csproj", "{8D12AA6E-2E7D-FE01-3050-0996171DB583}"
EndProject
Global
	GlobalSection(SolutionConfigurationPlatforms) = preSolution
		Debug|Any CPU = Debug|Any CPU
		Release|Any CPU = Release|Any CPU
	EndGlobalSection
	GlobalSection(ProjectConfigurationPlatforms) = postSolution
		{66FCFCCB-8B04-02F7-AC51-AEE8B5E8F98F}.Debug|Any CPU.ActiveCfg = Debug|Any CPU
		{66FCFCCB-8B04-02F7-AC51-AEE8B5E8F98F}.Debug|Any CPU.Build.0 = Debug|Any CPU
		{66FCFCCB-8B04-02F7-AC51-AEE8B5E8F98F}.Release|Any CPU.ActiveCfg = Release|Any CPU
		{66FCFCCB-8B04-02F7-AC51-AEE8B5E8F98F}.Release|Any CPU.Build.0 = Release|Any CPU
		{8D12AA6E-2E7D-FE01-3050-0996171DB583}.Debug|Any CPU.ActiveCfg = Debug|Any CPU
		{8D12AA6E-2E7D-FE01-3050-0996171DB583}.Debug|Any CPU.Build.0 = Debug|Any CPU
		{8D12AA6E-2E7D-FE01-3050-0996171DB583}.Release|Any CPU.ActiveCfg = Release|Any CPU
		{8D12AA6E-2E7D-FE01-3050-0996171DB583}.Release|Any CPU.Build.0 = Release|Any CPU
	EndGlobalSection
	GlobalSection(SolutionProperties) = preSolution
		HideSolutionNode = FALSE
	EndGlobalSection
							GlobalSection(MonoDevelopProperties) = preSolution
		StartupItem = Assembly-CSharp.csproj
		Policies = $0
		$0.TextStylePolicy = $1
		$1.inheritsSet = null
		$1.scope = text/x-csharp
		$0.CSharpFormattingPolicy = $2
		$2.inheritsSet = Mono
		$2.inheritsScope = text/x-csharp
		$2.scope = text/x-csharp
		$0.TextStylePolicy = $3
		$3.FileWidth = 120
		$3.TabWidth = 4
		$3.IndentWidth = 4
		$3.EolMarker = Unix
		$3.inheritsSet = Mono
		$3.inheritsScope = text/plain
		$3.scope = text/plain
	EndGlobalSection

EndGlobal
